{
  "name": "api-sonoshow",
  "version": "0.1.0",
  "lockfileVersion": 3,
  "requires": true,
  "packages": {
    "": {
      "name": "api-sonoshow",
      "version": "0.1.0",
      "dependencies": {
        "node-firebird": "2.16.0"
      },
      "engines": {
        "node": ">=20.11.0"
      }
    },
    "node_modules/node-firebird": {
      "version": "2.16.0",
      "resolved": "https://registry.npmjs.org/node-firebird/-/node-firebird-2.16.0.tgz",
      "integrity": "sha512-FFTXQ2IhFApMMbieokt7xeVx/Th1YoO1pu8gnu8TJXtNC9T+RFxHu2sfsxBfrh2UvR7UfP9QvcLQ3/eo3MBD8Q=="
    }
  }
}
